
Microsoft Visual Studio Solution File, Format Version 12.00
# Visual Studio Version 16
VisualStudioVersion = 16.0.29613.14
MinimumVisualStudioVersion = 10.0.40219.1
Project("{8BC9CEB8-8B4A-11D0-8D11-00A0C91BC942}") = "Sretan", "DatalogiDyst\DatalogiDyst.vcxproj", "{D9D8B96B-7589-48E2-B69D-6A119A3ED8C9}"
EndProject
Project("{8BC9CEB8-8B4A-11D0-8D11-00A0C91BC942}") = "Pakkeleg Advent 1", "tempdeletthis\tempdeletthis.vcxproj", "{B202DB6B-0201-4A6D-BB83-0DFBCCA92608}"
EndProject
Project("{8BC9CEB8-8B4A-11D0-8D11-00A0C91BC942}") = "Julesange Advent 1", "Project1\Project1.vcxproj", "{66065291-41A9-4914-B09A-1212EDFD7E47}"
EndProject
Project("{8BC9CEB8-8B4A-11D0-8D11-00A0C91BC942}") = "Julemandens Rejse Advent 1", "Project2\Project2.vcxproj", "{3AAFBFF3-9886-4851-8309-582A01340EA1}"
EndProject
Project("{8BC9CEB8-8B4A-11D0-8D11-00A0C91BC942}") = "Shortest Path", "Shortest Path\Shortest Path.vcxproj", "{8BA0A3BC-2DCA-4676-AC93-DEB4D72180D9}"
EndProject
Project("{8BC9CEB8-8B4A-11D0-8D11-00A0C91BC942}") = "juletræet advent 2", "juletræet advent 2\juletræet advent 2.vcxproj", "{8E5CFD79-D8D1-4498-AAC6-51960A31D53D}"
EndProject
Project("{8BC9CEB8-8B4A-11D0-8D11-00A0C91BC942}") = "Dialekt advent 2", "Dialekt advent 2\Dialekt advent 2.vcxproj", "{C3F51443-459D-4FDA-8C4B-3E56E263F09F}"
EndProject
Project("{8BC9CEB8-8B4A-11D0-8D11-00A0C91BC942}") = "gitterby advent 2", "gitterby advent 2\gitterby advent 2.vcxproj", "{79B85D8C-AE90-4B28-AFC6-E23C1FE1B6B4}"
EndProject
Project("{8BC9CEB8-8B4A-11D0-8D11-00A0C91BC942}") = "random testing", "random testing\random testing.vcxproj", "{C4485A29-D111-40C8-9483-9D1EB7225AC6}"
EndProject
Project("{8BC9CEB8-8B4A-11D0-8D11-00A0C91BC942}") = "yep clock", "yep clock\yep clock.vcxproj", "{EB9E5E0F-693D-480C-B78C-577D5F343CE2}"
EndProject
Project("{8BC9CEB8-8B4A-11D0-8D11-00A0C91BC942}") = "racerbiler", "racerbiler\racerbiler.vcxproj", "{AF4F4DBD-33AF-4841-B219-9A78C3DC5B09}"
EndProject
Project("{8BC9CEB8-8B4A-11D0-8D11-00A0C91BC942}") = "æbleskiver advent 3", "æbleskiver advent 3\æbleskiver advent 3.vcxproj", "{D98A25D9-5E5B-42E0-BE1E-53A77A47A61C}"
EndProject
Project("{8BC9CEB8-8B4A-11D0-8D11-00A0C91BC942}") = "snerydning advent 3", "snerydning advent 3\snerydning advent 3.vcxproj", "{5CD07DE4-8A20-46B8-A4F4-FBC09FC02B0D}"
EndProject
Project("{8BC9CEB8-8B4A-11D0-8D11-00A0C91BC942}") = "smukkejulelysdk advent 3", "smukkejulelysdk advent 3\smukkejulelysdk advent 3.vcxproj", "{98C55162-2A9C-43FA-8E53-072CFDDB18EC}"
EndProject
Project("{8BC9CEB8-8B4A-11D0-8D11-00A0C91BC942}") = "Dyst 2 mønter", "Dyst 2 mønter\Dyst 2 mønter.vcxproj", "{2617A44D-D70F-4610-911C-B5F78CC50E30}"
EndProject
Project("{8BC9CEB8-8B4A-11D0-8D11-00A0C91BC942}") = "Dyst 2 spejd-kode", "Dyst 2 spejd-kode\Dyst 2 spejd-kode.vcxproj", "{3D791AC3-E2A6-4BF3-99DA-204CC30B840F}"
EndProject
Project("{8BC9CEB8-8B4A-11D0-8D11-00A0C91BC942}") = "Dyst 2 Maskinsortering", "Dyst 2 Maskinsortering\Dyst 2 Maskinsortering.vcxproj", "{E0524CE4-F62F-4028-AF45-A5C15F9B8051}"
EndProject
Project("{8BC9CEB8-8B4A-11D0-8D11-00A0C91BC942}") = "Dyst 2 1 Toppunkt", "Dyst 2 1 Toppunkt\Dyst 2 1 Toppunkt.vcxproj", "{60D6A701-0EDC-4745-ACB7-EA3DDF7AD6FD}"
EndProject
Project("{8BC9CEB8-8B4A-11D0-8D11-00A0C91BC942}") = "Dyst 2 E - Routere", "Dyst 2 E - Routere\Dyst 2 E - Routere.vcxproj", "{5FF1BA14-3D26-450D-AA34-B2E62BE9ECAD}"
EndProject
Project("{8BC9CEB8-8B4A-11D0-8D11-00A0C91BC942}") = "funny meme", "funny meme\funny meme.vcxproj", "{45909520-02E3-4053-890A-BC29023A3704}"
EndProject
Project("{8BC9CEB8-8B4A-11D0-8D11-00A0C91BC942}") = "triangles vindercamp 2021", "triangles vindercamp 2021\triangles vindercamp 2021.vcxproj", "{073CC463-0E16-4C01-93A5-2BE0CF4C72C7}"
EndProject
Project("{8BC9CEB8-8B4A-11D0-8D11-00A0C91BC942}") = "Sliding Game vindercamp 2021", "Sliding Game vindercamp 2021\Sliding Game vindercamp 2021.vcxproj", "{5402B197-146F-44D4-B9EE-FA354E519B94}"
EndProject
Project("{8BC9CEB8-8B4A-11D0-8D11-00A0C91BC942}") = "epidemi vindercamp 2021", "epidemi vindercamp 2021\epidemi vindercamp 2021.vcxproj", "{CE22C8C1-5166-4DBF-ABE2-38F12B9EE767}"
EndProject
Project("{8BC9CEB8-8B4A-11D0-8D11-00A0C91BC942}") = "ninja vindercamp 2021", "ninja vindercamp 2021\ninja vindercamp 2021.vcxproj", "{BA1AF63A-0578-4BDF-A6A8-A0E5F5488B87}"
EndProject
Project("{8BC9CEB8-8B4A-11D0-8D11-00A0C91BC942}") = "djeopardy", "djeopardy\djeopardy.vcxproj", "{012CD6C1-FF58-4230-A462-1A318D1B6231}"
EndProject
Project("{8BC9CEB8-8B4A-11D0-8D11-00A0C91BC942}") = "dijkstra afstand", "dijkstra afstand\dijkstra afstand.vcxproj", "{FC325403-D178-44AA-B8EA-D35A9ADE660D}"
EndProject
Project("{8BC9CEB8-8B4A-11D0-8D11-00A0C91BC942}") = "lth challenge 1", "lth challenge 1\lth challenge 1.vcxproj", "{4EC699F1-11C8-4AEB-82F1-7C52651FC506}"
EndProject
Project("{8BC9CEB8-8B4A-11D0-8D11-00A0C91BC942}") = "lth challenge 2", "lth challenge 2\lth challenge 2.vcxproj", "{0F73A3A9-2A37-4BED-8BA1-0024B6E33B49}"
EndProject
Project("{8BC9CEB8-8B4A-11D0-8D11-00A0C91BC942}") = "lth challenge 3", "lth challenge 3\lth challenge 3.vcxproj", "{5E71A017-0AA9-44CF-A04A-D289D07ACE43}"
EndProject
Project("{8BC9CEB8-8B4A-11D0-8D11-00A0C91BC942}") = "DDD -vindercamp 1", "DDD -vindercamp 1\DDD -vindercamp 1.vcxproj", "{BE046312-B4BD-4CCD-AE2B-2553C55C8022}"
EndProject
Project("{8BC9CEB8-8B4A-11D0-8D11-00A0C91BC942}") = "ddd vindercamp 2", "ddd vindercamp 2\ddd vindercamp 2.vcxproj", "{AB799B94-6069-46B5-8A9F-A877B75E1EA5}"
EndProject
Project("{8BC9CEB8-8B4A-11D0-8D11-00A0C91BC942}") = "ddd vindercamp 3", "ddd vindercamp 3\ddd vindercamp 3.vcxproj", "{9BC8CB60-21DA-41EA-AEDD-C5DE0E71E4A7}"
EndProject
Project("{8BC9CEB8-8B4A-11D0-8D11-00A0C91BC942}") = "ddd vindercamp 4", "ddd vindercamp 4\ddd vindercamp 4.vcxproj", "{CBBB4550-7AD0-4249-84E9-EB0F0B60B6BA}"
EndProject
Project("{8BC9CEB8-8B4A-11D0-8D11-00A0C91BC942}") = "ddd vindercamp 5", "ddd vindercamp 5\ddd vindercamp 5.vcxproj", "{44F422C6-0266-45D1-A4B7-61050EFF491F}"
EndProject
Project("{8BC9CEB8-8B4A-11D0-8D11-00A0C91BC942}") = "lillekat 2021 opg 1", "lillekat 2021 opg 1\lillekat 2021 opg 1.vcxproj", "{A3B7BB27-E2B3-4DEF-8AB2-7805223B5B25}"
EndProject
Project("{8BC9CEB8-8B4A-11D0-8D11-00A0C91BC942}") = "lillekat 2021 opg 2", "lillekat 2021 opg 2\lillekat 2021 opg 2.vcxproj", "{F5954B67-E006-4BCC-8DFD-657EAE2B7128}"
EndProject
Project("{8BC9CEB8-8B4A-11D0-8D11-00A0C91BC942}") = "lillekat 2021 opg 3", "lillekat 2021 opg 3\lillekat 2021 opg 3.vcxproj", "{BCB267F9-A052-4BC6-A9DE-67B988234E20}"
EndProject
Project("{8BC9CEB8-8B4A-11D0-8D11-00A0C91BC942}") = "lillekat 2021 opg 4", "lillekat 2021 opg 4\lillekat 2021 opg 4.vcxproj", "{976AB512-7327-4D9E-93CD-0E4FAF3831F9}"
EndProject
Project("{8BC9CEB8-8B4A-11D0-8D11-00A0C91BC942}") = "lillekat 2021 opg 5", "lillekat 2021 opg 5\lillekat 2021 opg 5.vcxproj", "{0AAE445C-5F19-4947-8BD1-A92194F280D2}"
EndProject
Project("{8BC9CEB8-8B4A-11D0-8D11-00A0C91BC942}") = "lillekat 2021 opg 6", "lillekat 2021 opg 6\lillekat 2021 opg 6.vcxproj", "{A26736C4-1925-4659-AD35-7562CB5FB320}"
EndProject
Project("{8BC9CEB8-8B4A-11D0-8D11-00A0C91BC942}") = "NOI 1", "NOI 1\NOI 1.vcxproj", "{DAE28922-EEF0-4A79-94DA-E9ED875CD112}"
EndProject
Project("{8BC9CEB8-8B4A-11D0-8D11-00A0C91BC942}") = "NOI 2", "NOI 2\NOI 2.vcxproj", "{A404610F-BD0C-43AE-8F3E-F44B5F1748D3}"
EndProject
Project("{8BC9CEB8-8B4A-11D0-8D11-00A0C91BC942}") = "NOI 3", "NOI 3\NOI 3.vcxproj", "{D79D5ECC-18FB-4CF8-AF35-C2878FE3B943}"
EndProject
Project("{8BC9CEB8-8B4A-11D0-8D11-00A0C91BC942}") = "NOI 4", "NOI 4\NOI 4.vcxproj", "{019B565F-FB0D-4E26-A6E7-7257A6F77D4D}"
EndProject
Project("{8BC9CEB8-8B4A-11D0-8D11-00A0C91BC942}") = "DDD udtagelse 1", "DDD udtagelse 1\DDD udtagelse 1.vcxproj", "{E4DD1EC0-407D-4796-A177-A4DA87D0AFD4}"
EndProject
Project("{8BC9CEB8-8B4A-11D0-8D11-00A0C91BC942}") = "DDD udtagelse 2", "DDD udtagelse 2\DDD udtagelse 2.vcxproj", "{2FED9298-468B-411F-AA8B-9E9125A3F662}"
EndProject
Project("{8BC9CEB8-8B4A-11D0-8D11-00A0C91BC942}") = "DDD udtagelse 3", "DDD udtagelse 3\DDD udtagelse 3.vcxproj", "{44C7F60C-53BF-4754-A694-0A95DAFBEB7D}"
EndProject
Project("{8BC9CEB8-8B4A-11D0-8D11-00A0C91BC942}") = "DDD udtagelse 4", "DDD udtagelse 4\DDD udtagelse 4.vcxproj", "{B642DD21-0433-4402-BD38-8CA4762BC701}"
EndProject
Project("{8BC9CEB8-8B4A-11D0-8D11-00A0C91BC942}") = "DDD udtagelse 5", "DDD udtagelse 5\DDD udtagelse 5.vcxproj", "{62559C19-F743-4064-9AB6-2972F284C384}"
EndProject
Global
	GlobalSection(SolutionConfigurationPlatforms) = preSolution
		Debug|x64 = Debug|x64
		Debug|x86 = Debug|x86
		Release|x64 = Release|x64
		Release|x86 = Release|x86
	EndGlobalSection
	GlobalSection(ProjectConfigurationPlatforms) = postSolution
		{D9D8B96B-7589-48E2-B69D-6A119A3ED8C9}.Debug|x64.ActiveCfg = Debug|x64
		{D9D8B96B-7589-48E2-B69D-6A119A3ED8C9}.Debug|x64.Build.0 = Debug|x64
		{D9D8B96B-7589-48E2-B69D-6A119A3ED8C9}.Debug|x86.ActiveCfg = Debug|Win32
		{D9D8B96B-7589-48E2-B69D-6A119A3ED8C9}.Debug|x86.Build.0 = Debug|Win32
		{D9D8B96B-7589-48E2-B69D-6A119A3ED8C9}.Release|x64.ActiveCfg = Release|x64
		{D9D8B96B-7589-48E2-B69D-6A119A3ED8C9}.Release|x64.Build.0 = Release|x64
		{D9D8B96B-7589-48E2-B69D-6A119A3ED8C9}.Release|x86.ActiveCfg = Release|Win32
		{D9D8B96B-7589-48E2-B69D-6A119A3ED8C9}.Release|x86.Build.0 = Release|Win32
		{B202DB6B-0201-4A6D-BB83-0DFBCCA92608}.Debug|x64.ActiveCfg = Debug|x64
		{B202DB6B-0201-4A6D-BB83-0DFBCCA92608}.Debug|x64.Build.0 = Debug|x64
		{B202DB6B-0201-4A6D-BB83-0DFBCCA92608}.Debug|x86.ActiveCfg = Debug|Win32
		{B202DB6B-0201-4A6D-BB83-0DFBCCA92608}.Debug|x86.Build.0 = Debug|Win32
		{B202DB6B-0201-4A6D-BB83-0DFBCCA92608}.Release|x64.ActiveCfg = Release|x64
		{B202DB6B-0201-4A6D-BB83-0DFBCCA92608}.Release|x64.Build.0 = Release|x64
		{B202DB6B-0201-4A6D-BB83-0DFBCCA92608}.Release|x86.ActiveCfg = Release|Win32
		{B202DB6B-0201-4A6D-BB83-0DFBCCA92608}.Release|x86.Build.0 = Release|Win32
		{66065291-41A9-4914-B09A-1212EDFD7E47}.Debug|x64.ActiveCfg = Debug|x64
		{66065291-41A9-4914-B09A-1212EDFD7E47}.Debug|x64.Build.0 = Debug|x64
		{66065291-41A9-4914-B09A-1212EDFD7E47}.Debug|x86.ActiveCfg = Debug|Win32
		{66065291-41A9-4914-B09A-1212EDFD7E47}.Debug|x86.Build.0 = Debug|Win32
		{66065291-41A9-4914-B09A-1212EDFD7E47}.Release|x64.ActiveCfg = Release|x64
		{66065291-41A9-4914-B09A-1212EDFD7E47}.Release|x64.Build.0 = Release|x64
		{66065291-41A9-4914-B09A-1212EDFD7E47}.Release|x86.ActiveCfg = Release|Win32
		{66065291-41A9-4914-B09A-1212EDFD7E47}.Release|x86.Build.0 = Release|Win32
		{3AAFBFF3-9886-4851-8309-582A01340EA1}.Debug|x64.ActiveCfg = Debug|x64
		{3AAFBFF3-9886-4851-8309-582A01340EA1}.Debug|x64.Build.0 = Debug|x64
		{3AAFBFF3-9886-4851-8309-582A01340EA1}.Debug|x86.ActiveCfg = Debug|Win32
		{3AAFBFF3-9886-4851-8309-582A01340EA1}.Debug|x86.Build.0 = Debug|Win32
		{3AAFBFF3-9886-4851-8309-582A01340EA1}.Release|x64.ActiveCfg = Release|x64
		{3AAFBFF3-9886-4851-8309-582A01340EA1}.Release|x64.Build.0 = Release|x64
		{3AAFBFF3-9886-4851-8309-582A01340EA1}.Release|x86.ActiveCfg = Release|Win32
		{3AAFBFF3-9886-4851-8309-582A01340EA1}.Release|x86.Build.0 = Release|Win32
		{8BA0A3BC-2DCA-4676-AC93-DEB4D72180D9}.Debug|x64.ActiveCfg = Debug|x64
		{8BA0A3BC-2DCA-4676-AC93-DEB4D72180D9}.Debug|x64.Build.0 = Debug|x64
		{8BA0A3BC-2DCA-4676-AC93-DEB4D72180D9}.Debug|x86.ActiveCfg = Debug|Win32
		{8BA0A3BC-2DCA-4676-AC93-DEB4D72180D9}.Debug|x86.Build.0 = Debug|Win32
		{8BA0A3BC-2DCA-4676-AC93-DEB4D72180D9}.Release|x64.ActiveCfg = Release|x64
		{8BA0A3BC-2DCA-4676-AC93-DEB4D72180D9}.Release|x64.Build.0 = Release|x64
		{8BA0A3BC-2DCA-4676-AC93-DEB4D72180D9}.Release|x86.ActiveCfg = Release|Win32
		{8BA0A3BC-2DCA-4676-AC93-DEB4D72180D9}.Release|x86.Build.0 = Release|Win32
		{8E5CFD79-D8D1-4498-AAC6-51960A31D53D}.Debug|x64.ActiveCfg = Debug|x64
		{8E5CFD79-D8D1-4498-AAC6-51960A31D53D}.Debug|x64.Build.0 = Debug|x64
		{8E5CFD79-D8D1-4498-AAC6-51960A31D53D}.Debug|x86.ActiveCfg = Debug|Win32
		{8E5CFD79-D8D1-4498-AAC6-51960A31D53D}.Debug|x86.Build.0 = Debug|Win32
		{8E5CFD79-D8D1-4498-AAC6-51960A31D53D}.Release|x64.ActiveCfg = Release|x64
		{8E5CFD79-D8D1-4498-AAC6-51960A31D53D}.Release|x64.Build.0 = Release|x64
		{8E5CFD79-D8D1-4498-AAC6-51960A31D53D}.Release|x86.ActiveCfg = Release|Win32
		{8E5CFD79-D8D1-4498-AAC6-51960A31D53D}.Release|x86.Build.0 = Release|Win32
		{C3F51443-459D-4FDA-8C4B-3E56E263F09F}.Debug|x64.ActiveCfg = Debug|x64
		{C3F51443-459D-4FDA-8C4B-3E56E263F09F}.Debug|x64.Build.0 = Debug|x64
		{C3F51443-459D-4FDA-8C4B-3E56E263F09F}.Debug|x86.ActiveCfg = Debug|Win32
		{C3F51443-459D-4FDA-8C4B-3E56E263F09F}.Debug|x86.Build.0 = Debug|Win32
		{C3F51443-459D-4FDA-8C4B-3E56E263F09F}.Release|x64.ActiveCfg = Release|x64
		{C3F51443-459D-4FDA-8C4B-3E56E263F09F}.Release|x64.Build.0 = Release|x64
		{C3F51443-459D-4FDA-8C4B-3E56E263F09F}.Release|x86.ActiveCfg = Release|Win32
		{C3F51443-459D-4FDA-8C4B-3E56E263F09F}.Release|x86.Build.0 = Release|Win32
		{79B85D8C-AE90-4B28-AFC6-E23C1FE1B6B4}.Debug|x64.ActiveCfg = Debug|x64
		{79B85D8C-AE90-4B28-AFC6-E23C1FE1B6B4}.Debug|x64.Build.0 = Debug|x64
		{79B85D8C-AE90-4B28-AFC6-E23C1FE1B6B4}.Debug|x86.ActiveCfg = Debug|Win32
		{79B85D8C-AE90-4B28-AFC6-E23C1FE1B6B4}.Debug|x86.Build.0 = Debug|Win32
		{79B85D8C-AE90-4B28-AFC6-E23C1FE1B6B4}.Release|x64.ActiveCfg = Release|x64
		{79B85D8C-AE90-4B28-AFC6-E23C1FE1B6B4}.Release|x64.Build.0 = Release|x64
		{79B85D8C-AE90-4B28-AFC6-E23C1FE1B6B4}.Release|x86.ActiveCfg = Release|Win32
		{79B85D8C-AE90-4B28-AFC6-E23C1FE1B6B4}.Release|x86.Build.0 = Release|Win32
		{C4485A29-D111-40C8-9483-9D1EB7225AC6}.Debug|x64.ActiveCfg = Debug|x64
		{C4485A29-D111-40C8-9483-9D1EB7225AC6}.Debug|x64.Build.0 = Debug|x64
		{C4485A29-D111-40C8-9483-9D1EB7225AC6}.Debug|x86.ActiveCfg = Debug|Win32
		{C4485A29-D111-40C8-9483-9D1EB7225AC6}.Debug|x86.Build.0 = Debug|Win32
		{C4485A29-D111-40C8-9483-9D1EB7225AC6}.Release|x64.ActiveCfg = Release|x64
		{C4485A29-D111-40C8-9483-9D1EB7225AC6}.Release|x64.Build.0 = Release|x64
		{C4485A29-D111-40C8-9483-9D1EB7225AC6}.Release|x86.ActiveCfg = Release|Win32
		{C4485A29-D111-40C8-9483-9D1EB7225AC6}.Release|x86.Build.0 = Release|Win32
		{EB9E5E0F-693D-480C-B78C-577D5F343CE2}.Debug|x64.ActiveCfg = Debug|x64
		{EB9E5E0F-693D-480C-B78C-577D5F343CE2}.Debug|x64.Build.0 = Debug|x64
		{EB9E5E0F-693D-480C-B78C-577D5F343CE2}.Debug|x86.ActiveCfg = Debug|Win32
		{EB9E5E0F-693D-480C-B78C-577D5F343CE2}.Debug|x86.Build.0 = Debug|Win32
		{EB9E5E0F-693D-480C-B78C-577D5F343CE2}.Release|x64.ActiveCfg = Release|x64
		{EB9E5E0F-693D-480C-B78C-577D5F343CE2}.Release|x64.Build.0 = Release|x64
		{EB9E5E0F-693D-480C-B78C-577D5F343CE2}.Release|x86.ActiveCfg = Release|Win32
		{EB9E5E0F-693D-480C-B78C-577D5F343CE2}.Release|x86.Build.0 = Release|Win32
		{AF4F4DBD-33AF-4841-B219-9A78C3DC5B09}.Debug|x64.ActiveCfg = Debug|x64
		{AF4F4DBD-33AF-4841-B219-9A78C3DC5B09}.Debug|x64.Build.0 = Debug|x64
		{AF4F4DBD-33AF-4841-B219-9A78C3DC5B09}.Debug|x86.ActiveCfg = Debug|Win32
		{AF4F4DBD-33AF-4841-B219-9A78C3DC5B09}.Debug|x86.Build.0 = Debug|Win32
		{AF4F4DBD-33AF-4841-B219-9A78C3DC5B09}.Release|x64.ActiveCfg = Release|x64
		{AF4F4DBD-33AF-4841-B219-9A78C3DC5B09}.Release|x64.Build.0 = Release|x64
		{AF4F4DBD-33AF-4841-B219-9A78C3DC5B09}.Release|x86.ActiveCfg = Release|Win32
		{AF4F4DBD-33AF-4841-B219-9A78C3DC5B09}.Release|x86.Build.0 = Release|Win32
		{D98A25D9-5E5B-42E0-BE1E-53A77A47A61C}.Debug|x64.ActiveCfg = Debug|x64
		{D98A25D9-5E5B-42E0-BE1E-53A77A47A61C}.Debug|x64.Build.0 = Debug|x64
		{D98A25D9-5E5B-42E0-BE1E-53A77A47A61C}.Debug|x86.ActiveCfg = Debug|Win32
		{D98A25D9-5E5B-42E0-BE1E-53A77A47A61C}.Debug|x86.Build.0 = Debug|Win32
		{D98A25D9-5E5B-42E0-BE1E-53A77A47A61C}.Release|x64.ActiveCfg = Release|x64
		{D98A25D9-5E5B-42E0-BE1E-53A77A47A61C}.Release|x64.Build.0 = Release|x64
		{D98A25D9-5E5B-42E0-BE1E-53A77A47A61C}.Release|x86.ActiveCfg = Release|Win32
		{D98A25D9-5E5B-42E0-BE1E-53A77A47A61C}.Release|x86.Build.0 = Release|Win32
		{5CD07DE4-8A20-46B8-A4F4-FBC09FC02B0D}.Debug|x64.ActiveCfg = Debug|x64
		{5CD07DE4-8A20-46B8-A4F4-FBC09FC02B0D}.Debug|x64.Build.0 = Debug|x64
		{5CD07DE4-8A20-46B8-A4F4-FBC09FC02B0D}.Debug|x86.ActiveCfg = Debug|Win32
		{5CD07DE4-8A20-46B8-A4F4-FBC09FC02B0D}.Debug|x86.Build.0 = Debug|Win32
		{5CD07DE4-8A20-46B8-A4F4-FBC09FC02B0D}.Release|x64.ActiveCfg = Release|x64
		{5CD07DE4-8A20-46B8-A4F4-FBC09FC02B0D}.Release|x64.Build.0 = Release|x64
		{5CD07DE4-8A20-46B8-A4F4-FBC09FC02B0D}.Release|x86.ActiveCfg = Release|Win32
		{5CD07DE4-8A20-46B8-A4F4-FBC09FC02B0D}.Release|x86.Build.0 = Release|Win32
		{98C55162-2A9C-43FA-8E53-072CFDDB18EC}.Debug|x64.ActiveCfg = Debug|x64
		{98C55162-2A9C-43FA-8E53-072CFDDB18EC}.Debug|x64.Build.0 = Debug|x64
		{98C55162-2A9C-43FA-8E53-072CFDDB18EC}.Debug|x86.ActiveCfg = Debug|Win32
		{98C55162-2A9C-43FA-8E53-072CFDDB18EC}.Debug|x86.Build.0 = Debug|Win32
		{98C55162-2A9C-43FA-8E53-072CFDDB18EC}.Release|x64.ActiveCfg = Release|x64
		{98C55162-2A9C-43FA-8E53-072CFDDB18EC}.Release|x64.Build.0 = Release|x64
		{98C55162-2A9C-43FA-8E53-072CFDDB18EC}.Release|x86.ActiveCfg = Release|Win32
		{98C55162-2A9C-43FA-8E53-072CFDDB18EC}.Release|x86.Build.0 = Release|Win32
		{2617A44D-D70F-4610-911C-B5F78CC50E30}.Debug|x64.ActiveCfg = Debug|x64
		{2617A44D-D70F-4610-911C-B5F78CC50E30}.Debug|x64.Build.0 = Debug|x64
		{2617A44D-D70F-4610-911C-B5F78CC50E30}.Debug|x86.ActiveCfg = Debug|Win32
		{2617A44D-D70F-4610-911C-B5F78CC50E30}.Debug|x86.Build.0 = Debug|Win32
		{2617A44D-D70F-4610-911C-B5F78CC50E30}.Release|x64.ActiveCfg = Release|x64
		{2617A44D-D70F-4610-911C-B5F78CC50E30}.Release|x64.Build.0 = Release|x64
		{2617A44D-D70F-4610-911C-B5F78CC50E30}.Release|x86.ActiveCfg = Release|Win32
		{2617A44D-D70F-4610-911C-B5F78CC50E30}.Release|x86.Build.0 = Release|Win32
		{3D791AC3-E2A6-4BF3-99DA-204CC30B840F}.Debug|x64.ActiveCfg = Debug|x64
		{3D791AC3-E2A6-4BF3-99DA-204CC30B840F}.Debug|x64.Build.0 = Debug|x64
		{3D791AC3-E2A6-4BF3-99DA-204CC30B840F}.Debug|x86.ActiveCfg = Debug|Win32
		{3D791AC3-E2A6-4BF3-99DA-204CC30B840F}.Debug|x86.Build.0 = Debug|Win32
		{3D791AC3-E2A6-4BF3-99DA-204CC30B840F}.Release|x64.ActiveCfg = Release|x64
		{3D791AC3-E2A6-4BF3-99DA-204CC30B840F}.Release|x64.Build.0 = Release|x64
		{3D791AC3-E2A6-4BF3-99DA-204CC30B840F}.Release|x86.ActiveCfg = Release|Win32
		{3D791AC3-E2A6-4BF3-99DA-204CC30B840F}.Release|x86.Build.0 = Release|Win32
		{E0524CE4-F62F-4028-AF45-A5C15F9B8051}.Debug|x64.ActiveCfg = Debug|x64
		{E0524CE4-F62F-4028-AF45-A5C15F9B8051}.Debug|x64.Build.0 = Debug|x64
		{E0524CE4-F62F-4028-AF45-A5C15F9B8051}.Debug|x86.ActiveCfg = Debug|Win32
		{E0524CE4-F62F-4028-AF45-A5C15F9B8051}.Debug|x86.Build.0 = Debug|Win32
		{E0524CE4-F62F-4028-AF45-A5C15F9B8051}.Release|x64.ActiveCfg = Release|x64
		{E0524CE4-F62F-4028-AF45-A5C15F9B8051}.Release|x64.Build.0 = Release|x64
		{E0524CE4-F62F-4028-AF45-A5C15F9B8051}.Release|x86.ActiveCfg = Release|Win32
		{E0524CE4-F62F-4028-AF45-A5C15F9B8051}.Release|x86.Build.0 = Release|Win32
		{60D6A701-0EDC-4745-ACB7-EA3DDF7AD6FD}.Debug|x64.ActiveCfg = Debug|x64
		{60D6A701-0EDC-4745-ACB7-EA3DDF7AD6FD}.Debug|x64.Build.0 = Debug|x64
		{60D6A701-0EDC-4745-ACB7-EA3DDF7AD6FD}.Debug|x86.ActiveCfg = Debug|Win32
		{60D6A701-0EDC-4745-ACB7-EA3DDF7AD6FD}.Debug|x86.Build.0 = Debug|Win32
		{60D6A701-0EDC-4745-ACB7-EA3DDF7AD6FD}.Release|x64.ActiveCfg = Release|x64
		{60D6A701-0EDC-4745-ACB7-EA3DDF7AD6FD}.Release|x64.Build.0 = Release|x64
		{60D6A701-0EDC-4745-ACB7-EA3DDF7AD6FD}.Release|x86.ActiveCfg = Release|Win32
		{60D6A701-0EDC-4745-ACB7-EA3DDF7AD6FD}.Release|x86.Build.0 = Release|Win32
		{5FF1BA14-3D26-450D-AA34-B2E62BE9ECAD}.Debug|x64.ActiveCfg = Debug|x64
		{5FF1BA14-3D26-450D-AA34-B2E62BE9ECAD}.Debug|x64.Build.0 = Debug|x64
		{5FF1BA14-3D26-450D-AA34-B2E62BE9ECAD}.Debug|x86.ActiveCfg = Debug|Win32
		{5FF1BA14-3D26-450D-AA34-B2E62BE9ECAD}.Debug|x86.Build.0 = Debug|Win32
		{5FF1BA14-3D26-450D-AA34-B2E62BE9ECAD}.Release|x64.ActiveCfg = Release|x64
		{5FF1BA14-3D26-450D-AA34-B2E62BE9ECAD}.Release|x64.Build.0 = Release|x64
		{5FF1BA14-3D26-450D-AA34-B2E62BE9ECAD}.Release|x86.ActiveCfg = Release|Win32
		{5FF1BA14-3D26-450D-AA34-B2E62BE9ECAD}.Release|x86.Build.0 = Release|Win32
		{45909520-02E3-4053-890A-BC29023A3704}.Debug|x64.ActiveCfg = Debug|x64
		{45909520-02E3-4053-890A-BC29023A3704}.Debug|x64.Build.0 = Debug|x64
		{45909520-02E3-4053-890A-BC29023A3704}.Debug|x86.ActiveCfg = Debug|Win32
		{45909520-02E3-4053-890A-BC29023A3704}.Debug|x86.Build.0 = Debug|Win32
		{45909520-02E3-4053-890A-BC29023A3704}.Release|x64.ActiveCfg = Release|x64
		{45909520-02E3-4053-890A-BC29023A3704}.Release|x64.Build.0 = Release|x64
		{45909520-02E3-4053-890A-BC29023A3704}.Release|x86.ActiveCfg = Release|Win32
		{45909520-02E3-4053-890A-BC29023A3704}.Release|x86.Build.0 = Release|Win32
		{073CC463-0E16-4C01-93A5-2BE0CF4C72C7}.Debug|x64.ActiveCfg = Debug|x64
		{073CC463-0E16-4C01-93A5-2BE0CF4C72C7}.Debug|x64.Build.0 = Debug|x64
		{073CC463-0E16-4C01-93A5-2BE0CF4C72C7}.Debug|x86.ActiveCfg = Debug|Win32
		{073CC463-0E16-4C01-93A5-2BE0CF4C72C7}.Debug|x86.Build.0 = Debug|Win32
		{073CC463-0E16-4C01-93A5-2BE0CF4C72C7}.Release|x64.ActiveCfg = Release|x64
		{073CC463-0E16-4C01-93A5-2BE0CF4C72C7}.Release|x64.Build.0 = Release|x64
		{073CC463-0E16-4C01-93A5-2BE0CF4C72C7}.Release|x86.ActiveCfg = Release|Win32
		{073CC463-0E16-4C01-93A5-2BE0CF4C72C7}.Release|x86.Build.0 = Release|Win32
		{5402B197-146F-44D4-B9EE-FA354E519B94}.Debug|x64.ActiveCfg = Debug|x64
		{5402B197-146F-44D4-B9EE-FA354E519B94}.Debug|x64.Build.0 = Debug|x64
		{5402B197-146F-44D4-B9EE-FA354E519B94}.Debug|x86.ActiveCfg = Debug|Win32
		{5402B197-146F-44D4-B9EE-FA354E519B94}.Debug|x86.Build.0 = Debug|Win32
		{5402B197-146F-44D4-B9EE-FA354E519B94}.Release|x64.ActiveCfg = Release|x64
		{5402B197-146F-44D4-B9EE-FA354E519B94}.Release|x64.Build.0 = Release|x64
		{5402B197-146F-44D4-B9EE-FA354E519B94}.Release|x86.ActiveCfg = Release|Win32
		{5402B197-146F-44D4-B9EE-FA354E519B94}.Release|x86.Build.0 = Release|Win32
		{CE22C8C1-5166-4DBF-ABE2-38F12B9EE767}.Debug|x64.ActiveCfg = Debug|x64
		{CE22C8C1-5166-4DBF-ABE2-38F12B9EE767}.Debug|x64.Build.0 = Debug|x64
		{CE22C8C1-5166-4DBF-ABE2-38F12B9EE767}.Debug|x86.ActiveCfg = Debug|Win32
		{CE22C8C1-5166-4DBF-ABE2-38F12B9EE767}.Debug|x86.Build.0 = Debug|Win32
		{CE22C8C1-5166-4DBF-ABE2-38F12B9EE767}.Release|x64.ActiveCfg = Release|x64
		{CE22C8C1-5166-4DBF-ABE2-38F12B9EE767}.Release|x64.Build.0 = Release|x64
		{CE22C8C1-5166-4DBF-ABE2-38F12B9EE767}.Release|x86.ActiveCfg = Release|Win32
		{CE22C8C1-5166-4DBF-ABE2-38F12B9EE767}.Release|x86.Build.0 = Release|Win32
		{BA1AF63A-0578-4BDF-A6A8-A0E5F5488B87}.Debug|x64.ActiveCfg = Debug|x64
		{BA1AF63A-0578-4BDF-A6A8-A0E5F5488B87}.Debug|x64.Build.0 = Debug|x64
		{BA1AF63A-0578-4BDF-A6A8-A0E5F5488B87}.Debug|x86.ActiveCfg = Debug|Win32
		{BA1AF63A-0578-4BDF-A6A8-A0E5F5488B87}.Debug|x86.Build.0 = Debug|Win32
		{BA1AF63A-0578-4BDF-A6A8-A0E5F5488B87}.Release|x64.ActiveCfg = Release|x64
		{BA1AF63A-0578-4BDF-A6A8-A0E5F5488B87}.Release|x64.Build.0 = Release|x64
		{BA1AF63A-0578-4BDF-A6A8-A0E5F5488B87}.Release|x86.ActiveCfg = Release|Win32
		{BA1AF63A-0578-4BDF-A6A8-A0E5F5488B87}.Release|x86.Build.0 = Release|Win32
		{012CD6C1-FF58-4230-A462-1A318D1B6231}.Debug|x64.ActiveCfg = Debug|x64
		{012CD6C1-FF58-4230-A462-1A318D1B6231}.Debug|x64.Build.0 = Debug|x64
		{012CD6C1-FF58-4230-A462-1A318D1B6231}.Debug|x86.ActiveCfg = Debug|Win32
		{012CD6C1-FF58-4230-A462-1A318D1B6231}.Debug|x86.Build.0 = Debug|Win32
		{012CD6C1-FF58-4230-A462-1A318D1B6231}.Release|x64.ActiveCfg = Release|x64
		{012CD6C1-FF58-4230-A462-1A318D1B6231}.Release|x64.Build.0 = Release|x64
		{012CD6C1-FF58-4230-A462-1A318D1B6231}.Release|x86.ActiveCfg = Release|Win32
		{012CD6C1-FF58-4230-A462-1A318D1B6231}.Release|x86.Build.0 = Release|Win32
		{FC325403-D178-44AA-B8EA-D35A9ADE660D}.Debug|x64.ActiveCfg = Debug|x64
		{FC325403-D178-44AA-B8EA-D35A9ADE660D}.Debug|x64.Build.0 = Debug|x64
		{FC325403-D178-44AA-B8EA-D35A9ADE660D}.Debug|x86.ActiveCfg = Debug|Win32
		{FC325403-D178-44AA-B8EA-D35A9ADE660D}.Debug|x86.Build.0 = Debug|Win32
		{FC325403-D178-44AA-B8EA-D35A9ADE660D}.Release|x64.ActiveCfg = Release|x64
		{FC325403-D178-44AA-B8EA-D35A9ADE660D}.Release|x64.Build.0 = Release|x64
		{FC325403-D178-44AA-B8EA-D35A9ADE660D}.Release|x86.ActiveCfg = Release|Win32
		{FC325403-D178-44AA-B8EA-D35A9ADE660D}.Release|x86.Build.0 = Release|Win32
		{4EC699F1-11C8-4AEB-82F1-7C52651FC506}.Debug|x64.ActiveCfg = Debug|x64
		{4EC699F1-11C8-4AEB-82F1-7C52651FC506}.Debug|x64.Build.0 = Debug|x64
		{4EC699F1-11C8-4AEB-82F1-7C52651FC506}.Debug|x86.ActiveCfg = Debug|Win32
		{4EC699F1-11C8-4AEB-82F1-7C52651FC506}.Debug|x86.Build.0 = Debug|Win32
		{4EC699F1-11C8-4AEB-82F1-7C52651FC506}.Release|x64.ActiveCfg = Release|x64
		{4EC699F1-11C8-4AEB-82F1-7C52651FC506}.Release|x64.Build.0 = Release|x64
		{4EC699F1-11C8-4AEB-82F1-7C52651FC506}.Release|x86.ActiveCfg = Release|Win32
		{4EC699F1-11C8-4AEB-82F1-7C52651FC506}.Release|x86.Build.0 = Release|Win32
		{0F73A3A9-2A37-4BED-8BA1-0024B6E33B49}.Debug|x64.ActiveCfg = Debug|x64
		{0F73A3A9-2A37-4BED-8BA1-0024B6E33B49}.Debug|x64.Build.0 = Debug|x64
		{0F73A3A9-2A37-4BED-8BA1-0024B6E33B49}.Debug|x86.ActiveCfg = Debug|Win32
		{0F73A3A9-2A37-4BED-8BA1-0024B6E33B49}.Debug|x86.Build.0 = Debug|Win32
		{0F73A3A9-2A37-4BED-8BA1-0024B6E33B49}.Release|x64.ActiveCfg = Release|x64
		{0F73A3A9-2A37-4BED-8BA1-0024B6E33B49}.Release|x64.Build.0 = Release|x64
		{0F73A3A9-2A37-4BED-8BA1-0024B6E33B49}.Release|x86.ActiveCfg = Release|Win32
		{0F73A3A9-2A37-4BED-8BA1-0024B6E33B49}.Release|x86.Build.0 = Release|Win32
		{5E71A017-0AA9-44CF-A04A-D289D07ACE43}.Debug|x64.ActiveCfg = Debug|x64
		{5E71A017-0AA9-44CF-A04A-D289D07ACE43}.Debug|x64.Build.0 = Debug|x64
		{5E71A017-0AA9-44CF-A04A-D289D07ACE43}.Debug|x86.ActiveCfg = Debug|Win32
		{5E71A017-0AA9-44CF-A04A-D289D07ACE43}.Debug|x86.Build.0 = Debug|Win32
		{5E71A017-0AA9-44CF-A04A-D289D07ACE43}.Release|x64.ActiveCfg = Release|x64
		{5E71A017-0AA9-44CF-A04A-D289D07ACE43}.Release|x64.Build.0 = Release|x64
		{5E71A017-0AA9-44CF-A04A-D289D07ACE43}.Release|x86.ActiveCfg = Release|Win32
		{5E71A017-0AA9-44CF-A04A-D289D07ACE43}.Release|x86.Build.0 = Release|Win32
		{BE046312-B4BD-4CCD-AE2B-2553C55C8022}.Debug|x64.ActiveCfg = Debug|x64
		{BE046312-B4BD-4CCD-AE2B-2553C55C8022}.Debug|x64.Build.0 = Debug|x64
		{BE046312-B4BD-4CCD-AE2B-2553C55C8022}.Debug|x86.ActiveCfg = Debug|Win32
		{BE046312-B4BD-4CCD-AE2B-2553C55C8022}.Debug|x86.Build.0 = Debug|Win32
		{BE046312-B4BD-4CCD-AE2B-2553C55C8022}.Release|x64.ActiveCfg = Release|x64
		{BE046312-B4BD-4CCD-AE2B-2553C55C8022}.Release|x64.Build.0 = Release|x64
		{BE046312-B4BD-4CCD-AE2B-2553C55C8022}.Release|x86.ActiveCfg = Release|Win32
		{BE046312-B4BD-4CCD-AE2B-2553C55C8022}.Release|x86.Build.0 = Release|Win32
		{AB799B94-6069-46B5-8A9F-A877B75E1EA5}.Debug|x64.ActiveCfg = Debug|x64
		{AB799B94-6069-46B5-8A9F-A877B75E1EA5}.Debug|x64.Build.0 = Debug|x64
		{AB799B94-6069-46B5-8A9F-A877B75E1EA5}.Debug|x86.ActiveCfg = Debug|Win32
		{AB799B94-6069-46B5-8A9F-A877B75E1EA5}.Debug|x86.Build.0 = Debug|Win32
		{AB799B94-6069-46B5-8A9F-A877B75E1EA5}.Release|x64.ActiveCfg = Release|x64
		{AB799B94-6069-46B5-8A9F-A877B75E1EA5}.Release|x64.Build.0 = Release|x64
		{AB799B94-6069-46B5-8A9F-A877B75E1EA5}.Release|x86.ActiveCfg = Release|Win32
		{AB799B94-6069-46B5-8A9F-A877B75E1EA5}.Release|x86.Build.0 = Release|Win32
		{9BC8CB60-21DA-41EA-AEDD-C5DE0E71E4A7}.Debug|x64.ActiveCfg = Debug|x64
		{9BC8CB60-21DA-41EA-AEDD-C5DE0E71E4A7}.Debug|x64.Build.0 = Debug|x64
		{9BC8CB60-21DA-41EA-AEDD-C5DE0E71E4A7}.Debug|x86.ActiveCfg = Debug|Win32
		{9BC8CB60-21DA-41EA-AEDD-C5DE0E71E4A7}.Debug|x86.Build.0 = Debug|Win32
		{9BC8CB60-21DA-41EA-AEDD-C5DE0E71E4A7}.Release|x64.ActiveCfg = Release|x64
		{9BC8CB60-21DA-41EA-AEDD-C5DE0E71E4A7}.Release|x64.Build.0 = Release|x64
		{9BC8CB60-21DA-41EA-AEDD-C5DE0E71E4A7}.Release|x86.ActiveCfg = Release|Win32
		{9BC8CB60-21DA-41EA-AEDD-C5DE0E71E4A7}.Release|x86.Build.0 = Release|Win32
		{CBBB4550-7AD0-4249-84E9-EB0F0B60B6BA}.Debug|x64.ActiveCfg = Debug|x64
		{CBBB4550-7AD0-4249-84E9-EB0F0B60B6BA}.Debug|x64.Build.0 = Debug|x64
		{CBBB4550-7AD0-4249-84E9-EB0F0B60B6BA}.Debug|x86.ActiveCfg = Debug|Win32
		{CBBB4550-7AD0-4249-84E9-EB0F0B60B6BA}.Debug|x86.Build.0 = Debug|Win32
		{CBBB4550-7AD0-4249-84E9-EB0F0B60B6BA}.Release|x64.ActiveCfg = Release|x64
		{CBBB4550-7AD0-4249-84E9-EB0F0B60B6BA}.Release|x64.Build.0 = Release|x64
		{CBBB4550-7AD0-4249-84E9-EB0F0B60B6BA}.Release|x86.ActiveCfg = Release|Win32
		{CBBB4550-7AD0-4249-84E9-EB0F0B60B6BA}.Release|x86.Build.0 = Release|Win32
		{44F422C6-0266-45D1-A4B7-61050EFF491F}.Debug|x64.ActiveCfg = Debug|x64
		{44F422C6-0266-45D1-A4B7-61050EFF491F}.Debug|x64.Build.0 = Debug|x64
		{44F422C6-0266-45D1-A4B7-61050EFF491F}.Debug|x86.ActiveCfg = Debug|Win32
		{44F422C6-0266-45D1-A4B7-61050EFF491F}.Debug|x86.Build.0 = Debug|Win32
		{44F422C6-0266-45D1-A4B7-61050EFF491F}.Release|x64.ActiveCfg = Release|x64
		{44F422C6-0266-45D1-A4B7-61050EFF491F}.Release|x64.Build.0 = Release|x64
		{44F422C6-0266-45D1-A4B7-61050EFF491F}.Release|x86.ActiveCfg = Release|Win32
		{44F422C6-0266-45D1-A4B7-61050EFF491F}.Release|x86.Build.0 = Release|Win32
		{A3B7BB27-E2B3-4DEF-8AB2-7805223B5B25}.Debug|x64.ActiveCfg = Debug|x64
		{A3B7BB27-E2B3-4DEF-8AB2-7805223B5B25}.Debug|x64.Build.0 = Debug|x64
		{A3B7BB27-E2B3-4DEF-8AB2-7805223B5B25}.Debug|x86.ActiveCfg = Debug|Win32
		{A3B7BB27-E2B3-4DEF-8AB2-7805223B5B25}.Debug|x86.Build.0 = Debug|Win32
		{A3B7BB27-E2B3-4DEF-8AB2-7805223B5B25}.Release|x64.ActiveCfg = Release|x64
		{A3B7BB27-E2B3-4DEF-8AB2-7805223B5B25}.Release|x64.Build.0 = Release|x64
		{A3B7BB27-E2B3-4DEF-8AB2-7805223B5B25}.Release|x86.ActiveCfg = Release|Win32
		{A3B7BB27-E2B3-4DEF-8AB2-7805223B5B25}.Release|x86.Build.0 = Release|Win32
		{F5954B67-E006-4BCC-8DFD-657EAE2B7128}.Debug|x64.ActiveCfg = Debug|x64
		{F5954B67-E006-4BCC-8DFD-657EAE2B7128}.Debug|x64.Build.0 = Debug|x64
		{F5954B67-E006-4BCC-8DFD-657EAE2B7128}.Debug|x86.ActiveCfg = Debug|Win32
		{F5954B67-E006-4BCC-8DFD-657EAE2B7128}.Debug|x86.Build.0 = Debug|Win32
		{F5954B67-E006-4BCC-8DFD-657EAE2B7128}.Release|x64.ActiveCfg = Release|x64
		{F5954B67-E006-4BCC-8DFD-657EAE2B7128}.Release|x64.Build.0 = Release|x64
		{F5954B67-E006-4BCC-8DFD-657EAE2B7128}.Release|x86.ActiveCfg = Release|Win32
		{F5954B67-E006-4BCC-8DFD-657EAE2B7128}.Release|x86.Build.0 = Release|Win32
		{BCB267F9-A052-4BC6-A9DE-67B988234E20}.Debug|x64.ActiveCfg = Debug|x64
		{BCB267F9-A052-4BC6-A9DE-67B988234E20}.Debug|x64.Build.0 = Debug|x64
		{BCB267F9-A052-4BC6-A9DE-67B988234E20}.Debug|x86.ActiveCfg = Debug|Win32
		{BCB267F9-A052-4BC6-A9DE-67B988234E20}.Debug|x86.Build.0 = Debug|Win32
		{BCB267F9-A052-4BC6-A9DE-67B988234E20}.Release|x64.ActiveCfg = Release|x64
		{BCB267F9-A052-4BC6-A9DE-67B988234E20}.Release|x64.Build.0 = Release|x64
		{BCB267F9-A052-4BC6-A9DE-67B988234E20}.Release|x86.ActiveCfg = Release|Win32
		{BCB267F9-A052-4BC6-A9DE-67B988234E20}.Release|x86.Build.0 = Release|Win32
		{976AB512-7327-4D9E-93CD-0E4FAF3831F9}.Debug|x64.ActiveCfg = Debug|x64
		{976AB512-7327-4D9E-93CD-0E4FAF3831F9}.Debug|x64.Build.0 = Debug|x64
		{976AB512-7327-4D9E-93CD-0E4FAF3831F9}.Debug|x86.ActiveCfg = Debug|Win32
		{976AB512-7327-4D9E-93CD-0E4FAF3831F9}.Debug|x86.Build.0 = Debug|Win32
		{976AB512-7327-4D9E-93CD-0E4FAF3831F9}.Release|x64.ActiveCfg = Release|x64
		{976AB512-7327-4D9E-93CD-0E4FAF3831F9}.Release|x64.Build.0 = Release|x64
		{976AB512-7327-4D9E-93CD-0E4FAF3831F9}.Release|x86.ActiveCfg = Release|Win32
		{976AB512-7327-4D9E-93CD-0E4FAF3831F9}.Release|x86.Build.0 = Release|Win32
		{0AAE445C-5F19-4947-8BD1-A92194F280D2}.Debug|x64.ActiveCfg = Debug|x64
		{0AAE445C-5F19-4947-8BD1-A92194F280D2}.Debug|x64.Build.0 = Debug|x64
		{0AAE445C-5F19-4947-8BD1-A92194F280D2}.Debug|x86.ActiveCfg = Debug|Win32
		{0AAE445C-5F19-4947-8BD1-A92194F280D2}.Debug|x86.Build.0 = Debug|Win32
		{0AAE445C-5F19-4947-8BD1-A92194F280D2}.Release|x64.ActiveCfg = Release|x64
		{0AAE445C-5F19-4947-8BD1-A92194F280D2}.Release|x64.Build.0 = Release|x64
		{0AAE445C-5F19-4947-8BD1-A92194F280D2}.Release|x86.ActiveCfg = Release|Win32
		{0AAE445C-5F19-4947-8BD1-A92194F280D2}.Release|x86.Build.0 = Release|Win32
		{A26736C4-1925-4659-AD35-7562CB5FB320}.Debug|x64.ActiveCfg = Debug|x64
		{A26736C4-1925-4659-AD35-7562CB5FB320}.Debug|x64.Build.0 = Debug|x64
		{A26736C4-1925-4659-AD35-7562CB5FB320}.Debug|x86.ActiveCfg = Debug|Win32
		{A26736C4-1925-4659-AD35-7562CB5FB320}.Debug|x86.Build.0 = Debug|Win32
		{A26736C4-1925-4659-AD35-7562CB5FB320}.Release|x64.ActiveCfg = Release|x64
		{A26736C4-1925-4659-AD35-7562CB5FB320}.Release|x64.Build.0 = Release|x64
		{A26736C4-1925-4659-AD35-7562CB5FB320}.Release|x86.ActiveCfg = Release|Win32
		{A26736C4-1925-4659-AD35-7562CB5FB320}.Release|x86.Build.0 = Release|Win32
		{DAE28922-EEF0-4A79-94DA-E9ED875CD112}.Debug|x64.ActiveCfg = Debug|x64
		{DAE28922-EEF0-4A79-94DA-E9ED875CD112}.Debug|x64.Build.0 = Debug|x64
		{DAE28922-EEF0-4A79-94DA-E9ED875CD112}.Debug|x86.ActiveCfg = Debug|Win32
		{DAE28922-EEF0-4A79-94DA-E9ED875CD112}.Debug|x86.Build.0 = Debug|Win32
		{DAE28922-EEF0-4A79-94DA-E9ED875CD112}.Release|x64.ActiveCfg = Release|x64
		{DAE28922-EEF0-4A79-94DA-E9ED875CD112}.Release|x64.Build.0 = Release|x64
		{DAE28922-EEF0-4A79-94DA-E9ED875CD112}.Release|x86.ActiveCfg = Release|Win32
		{DAE28922-EEF0-4A79-94DA-E9ED875CD112}.Release|x86.Build.0 = Release|Win32
		{A404610F-BD0C-43AE-8F3E-F44B5F1748D3}.Debug|x64.ActiveCfg = Debug|x64
		{A404610F-BD0C-43AE-8F3E-F44B5F1748D3}.Debug|x64.Build.0 = Debug|x64
		{A404610F-BD0C-43AE-8F3E-F44B5F1748D3}.Debug|x86.ActiveCfg = Debug|Win32
		{A404610F-BD0C-43AE-8F3E-F44B5F1748D3}.Debug|x86.Build.0 = Debug|Win32
		{A404610F-BD0C-43AE-8F3E-F44B5F1748D3}.Release|x64.ActiveCfg = Release|x64
		{A404610F-BD0C-43AE-8F3E-F44B5F1748D3}.Release|x64.Build.0 = Release|x64
		{A404610F-BD0C-43AE-8F3E-F44B5F1748D3}.Release|x86.ActiveCfg = Release|Win32
		{A404610F-BD0C-43AE-8F3E-F44B5F1748D3}.Release|x86.Build.0 = Release|Win32
		{D79D5ECC-18FB-4CF8-AF35-C2878FE3B943}.Debug|x64.ActiveCfg = Debug|x64
		{D79D5ECC-18FB-4CF8-AF35-C2878FE3B943}.Debug|x64.Build.0 = Debug|x64
		{D79D5ECC-18FB-4CF8-AF35-C2878FE3B943}.Debug|x86.ActiveCfg = Debug|Win32
		{D79D5ECC-18FB-4CF8-AF35-C2878FE3B943}.Debug|x86.Build.0 = Debug|Win32
		{D79D5ECC-18FB-4CF8-AF35-C2878FE3B943}.Release|x64.ActiveCfg = Release|x64
		{D79D5ECC-18FB-4CF8-AF35-C2878FE3B943}.Release|x64.Build.0 = Release|x64
		{D79D5ECC-18FB-4CF8-AF35-C2878FE3B943}.Release|x86.ActiveCfg = Release|Win32
		{D79D5ECC-18FB-4CF8-AF35-C2878FE3B943}.Release|x86.Build.0 = Release|Win32
		{019B565F-FB0D-4E26-A6E7-7257A6F77D4D}.Debug|x64.ActiveCfg = Debug|x64
		{019B565F-FB0D-4E26-A6E7-7257A6F77D4D}.Debug|x64.Build.0 = Debug|x64
		{019B565F-FB0D-4E26-A6E7-7257A6F77D4D}.Debug|x86.ActiveCfg = Debug|Win32
		{019B565F-FB0D-4E26-A6E7-7257A6F77D4D}.Debug|x86.Build.0 = Debug|Win32
		{019B565F-FB0D-4E26-A6E7-7257A6F77D4D}.Release|x64.ActiveCfg = Release|x64
		{019B565F-FB0D-4E26-A6E7-7257A6F77D4D}.Release|x64.Build.0 = Release|x64
		{019B565F-FB0D-4E26-A6E7-7257A6F77D4D}.Release|x86.ActiveCfg = Release|Win32
		{019B565F-FB0D-4E26-A6E7-7257A6F77D4D}.Release|x86.Build.0 = Release|Win32
		{E4DD1EC0-407D-4796-A177-A4DA87D0AFD4}.Debug|x64.ActiveCfg = Debug|x64
		{E4DD1EC0-407D-4796-A177-A4DA87D0AFD4}.Debug|x64.Build.0 = Debug|x64
		{E4DD1EC0-407D-4796-A177-A4DA87D0AFD4}.Debug|x86.ActiveCfg = Debug|Win32
		{E4DD1EC0-407D-4796-A177-A4DA87D0AFD4}.Debug|x86.Build.0 = Debug|Win32
		{E4DD1EC0-407D-4796-A177-A4DA87D0AFD4}.Release|x64.ActiveCfg = Release|x64
		{E4DD1EC0-407D-4796-A177-A4DA87D0AFD4}.Release|x64.Build.0 = Release|x64
		{E4DD1EC0-407D-4796-A177-A4DA87D0AFD4}.Release|x86.ActiveCfg = Release|Win32
		{E4DD1EC0-407D-4796-A177-A4DA87D0AFD4}.Release|x86.Build.0 = Release|Win32
		{2FED9298-468B-411F-AA8B-9E9125A3F662}.Debug|x64.ActiveCfg = Debug|x64
		{2FED9298-468B-411F-AA8B-9E9125A3F662}.Debug|x64.Build.0 = Debug|x64
		{2FED9298-468B-411F-AA8B-9E9125A3F662}.Debug|x86.ActiveCfg = Debug|Win32
		{2FED9298-468B-411F-AA8B-9E9125A3F662}.Debug|x86.Build.0 = Debug|Win32
		{2FED9298-468B-411F-AA8B-9E9125A3F662}.Release|x64.ActiveCfg = Release|x64
		{2FED9298-468B-411F-AA8B-9E9125A3F662}.Release|x64.Build.0 = Release|x64
		{2FED9298-468B-411F-AA8B-9E9125A3F662}.Release|x86.ActiveCfg = Release|Win32
		{2FED9298-468B-411F-AA8B-9E9125A3F662}.Release|x86.Build.0 = Release|Win32
		{44C7F60C-53BF-4754-A694-0A95DAFBEB7D}.Debug|x64.ActiveCfg = Debug|x64
		{44C7F60C-53BF-4754-A694-0A95DAFBEB7D}.Debug|x64.Build.0 = Debug|x64
		{44C7F60C-53BF-4754-A694-0A95DAFBEB7D}.Debug|x86.ActiveCfg = Debug|Win32
		{44C7F60C-53BF-4754-A694-0A95DAFBEB7D}.Debug|x86.Build.0 = Debug|Win32
		{44C7F60C-53BF-4754-A694-0A95DAFBEB7D}.Release|x64.ActiveCfg = Release|x64
		{44C7F60C-53BF-4754-A694-0A95DAFBEB7D}.Release|x64.Build.0 = Release|x64
		{44C7F60C-53BF-4754-A694-0A95DAFBEB7D}.Release|x86.ActiveCfg = Release|Win32
		{44C7F60C-53BF-4754-A694-0A95DAFBEB7D}.Release|x86.Build.0 = Release|Win32
		{B642DD21-0433-4402-BD38-8CA4762BC701}.Debug|x64.ActiveCfg = Debug|x64
		{B642DD21-0433-4402-BD38-8CA4762BC701}.Debug|x64.Build.0 = Debug|x64
		{B642DD21-0433-4402-BD38-8CA4762BC701}.Debug|x86.ActiveCfg = Debug|Win32
		{B642DD21-0433-4402-BD38-8CA4762BC701}.Debug|x86.Build.0 = Debug|Win32
		{B642DD21-0433-4402-BD38-8CA4762BC701}.Release|x64.ActiveCfg = Release|x64
		{B642DD21-0433-4402-BD38-8CA4762BC701}.Release|x64.Build.0 = Release|x64
		{B642DD21-0433-4402-BD38-8CA4762BC701}.Release|x86.ActiveCfg = Release|Win32
		{B642DD21-0433-4402-BD38-8CA4762BC701}.Release|x86.Build.0 = Release|Win32
		{62559C19-F743-4064-9AB6-2972F284C384}.Debug|x64.ActiveCfg = Debug|x64
		{62559C19-F743-4064-9AB6-2972F284C384}.Debug|x64.Build.0 = Debug|x64
		{62559C19-F743-4064-9AB6-2972F284C384}.Debug|x86.ActiveCfg = Debug|Win32
		{62559C19-F743-4064-9AB6-2972F284C384}.Debug|x86.Build.0 = Debug|Win32
		{62559C19-F743-4064-9AB6-2972F284C384}.Release|x64.ActiveCfg = Release|x64
		{62559C19-F743-4064-9AB6-2972F284C384}.Release|x64.Build.0 = Release|x64
		{62559C19-F743-4064-9AB6-2972F284C384}.Release|x86.ActiveCfg = Release|Win32
		{62559C19-F743-4064-9AB6-2972F284C384}.Release|x86.Build.0 = Release|Win32
	EndGlobalSection
	GlobalSection(SolutionProperties) = preSolution
		HideSolutionNode = FALSE
	EndGlobalSection
	GlobalSection(ExtensibilityGlobals) = postSolution
		SolutionGuid = {E8FF0842-7222-4D1E-AE78-E8BEEC79B79B}
	EndGlobalSection
EndGlobal
